
Microsoft Visual Studio Solution File, Format Version 12.00
# Visual Studio Version 17
VisualStudioVersion = 17.11.35327.3
MinimumVisualStudioVersion = 10.0.40219.1
Project("{2150E333-8FDC-42A3-9474-1A3956D46DE8}") = "src", "src", "{0B1DBA41-194D-4569-B8E7-AA94815A5F18}"
EndProject
Project("{2150E333-8FDC-42A3-9474-1A3956D46DE8}") = "services", "services", "{AFC9BF81-46AD-4C18-BE2D-0E320A248D12}"
EndProject
Project("{2150E333-8FDC-42A3-9474-1A3956D46DE8}") = "catalog", "catalog", "{C50F173A-D492-485C-AF17-5C24FFD0A2B1}"
EndProject
Project("{9A19103F-16F7-4668-BE54-9A1E7A4F7556}") = "Learnify.Catalog.API", "src\services\catalog\Learnify.Catalog.API\Learnify.Catalog.API.csproj", "{93FEA4B1-0A1E-47D7-B370-DF764A77DC63}"
EndProject
Project("{E53339B2-1760-4266-BCC7-CA923CBCF16C}") = "docker-compose", "docker-compose.dcproj", "{2AC64760-983A-41FE-BC75-06DFB5CF70DB}"
EndProject
Project("{2150E333-8FDC-42A3-9474-1A3956D46DE8}") = "shared", "shared", "{C6C865CE-78CE-4797-B6C9-12D70EC46CAB}"
EndProject
Project("{9A19103F-16F7-4668-BE54-9A1E7A4F7556}") = "Learnify.Shared", "src\shared\Learnify.Shared\Learnify.Shared.csproj", "{ADC2BD55-B9BA-45E6-8258-DDE76CE73802}"
EndProject
Project("{2150E333-8FDC-42A3-9474-1A3956D46DE8}") = "basket", "basket", "{0A516A81-F7EC-447D-AE67-4547AD6E03C9}"
EndProject
Project("{FAE04EC0-301F-11D3-BF4B-00C04F79EFBC}") = "Learnify.Basket.API", "src\services\basket\Learnify.Basket.API\Learnify.Basket.API.csproj", "{EE25D75A-EEFC-4BA8-876C-DE7DD808D58E}"
EndProject
Project("{2150E333-8FDC-42A3-9474-1A3956D46DE8}") = "discount", "discount", "{511D9C26-43A0-4485-A0A8-608FA15E52A0}"
EndProject
Project("{FAE04EC0-301F-11D3-BF4B-00C04F79EFBC}") = "Learnify.Discount.API", "src\services\discount\Learnify.Discount.API\Learnify.Discount.API.csproj", "{5BAC53C9-A135-4B88-BBF2-4824585F1151}"
EndProject
Project("{2150E333-8FDC-42A3-9474-1A3956D46DE8}") = "file", "file", "{5C2A0485-5C79-45E0-8752-A169A5F0FB76}"
EndProject
Project("{FAE04EC0-301F-11D3-BF4B-00C04F79EFBC}") = "Learnify.File.API", "src\services\file\Learnify.File.API\Learnify.File.API.csproj", "{2B20C4EC-A304-4CD1-AE13-113CD0EB8D90}"
EndProject
Project("{2150E333-8FDC-42A3-9474-1A3956D46DE8}") = "order", "order", "{E3CC4A92-67E1-463C-B392-2B2B34617F07}"
EndProject
Project("{2150E333-8FDC-42A3-9474-1A3956D46DE8}") = "api", "api", "{35196AE4-D3AD-40A4-8092-52F52786DABC}"
EndProject
Project("{2150E333-8FDC-42A3-9474-1A3956D46DE8}") = "core", "core", "{32DDA651-DF04-4EDB-BD19-AF77CCDCFE29}"
EndProject
Project("{2150E333-8FDC-42A3-9474-1A3956D46DE8}") = "infrastructure", "infrastructure", "{B47D26DF-CB95-4CD4-8227-92CD91869D03}"
EndProject
Project("{FAE04EC0-301F-11D3-BF4B-00C04F79EFBC}") = "Learnify.Order.API", "src\services\order\api\Learnify.Order.API\Learnify.Order.API.csproj", "{E4BE7685-9023-4C52-BBEE-5C27F55C192D}"
EndProject
Project("{FAE04EC0-301F-11D3-BF4B-00C04F79EFBC}") = "Learnify.Order.Application", "src\services\order\core\Learnify.Order.Application\Learnify.Order.Application.csproj", "{FC1164F2-A4E7-4C29-8E82-BE8D03C1F8DD}"
EndProject
Project("{FAE04EC0-301F-11D3-BF4B-00C04F79EFBC}") = "Learnify.Order.Domain", "src\services\order\core\Learnify.Order.Domain\Learnify.Order.Domain.csproj", "{6C16CB29-08CC-4C5D-9230-5A0FAA0A9800}"
EndProject
Project("{FAE04EC0-301F-11D3-BF4B-00C04F79EFBC}") = "Learnify.Order.Persistence", "src\services\order\infrastructure\Learnify.Order.Persistence\Learnify.Order.Persistence.csproj", "{97526D40-3047-419A-9101-F680D27E1E4A}"
EndProject
Project("{2150E333-8FDC-42A3-9474-1A3956D46DE8}") = "payment", "payment", "{FC034E6D-CBE0-4E5A-9E53-D8A31087D4D9}"
EndProject
Project("{FAE04EC0-301F-11D3-BF4B-00C04F79EFBC}") = "Learnify.Payment.API", "src\services\payment\Learnify.Payment.API\Learnify.Payment.API.csproj", "{295BF50C-764B-4BEF-8AE4-50BEF376B125}"
EndProject
Project("{2150E333-8FDC-42A3-9474-1A3956D46DE8}") = "gateway", "gateway", "{CBFD4FB1-C4D6-414A-8FFE-15E792585235}"
EndProject
Project("{FAE04EC0-301F-11D3-BF4B-00C04F79EFBC}") = "Learnify.Gateway", "src\services\gateway\Learnify.Gateway\Learnify.Gateway.csproj", "{8035491B-1C2D-4407-B7B4-CF7B78B17575}"
EndProject
Project("{FAE04EC0-301F-11D3-BF4B-00C04F79EFBC}") = "Learnify.Bus", "src\shared\Learnify.Bus\Learnify.Bus.csproj", "{34F8E7F9-7F42-4D36-9E46-05F716852A06}"
EndProject
Global
	GlobalSection(SolutionConfigurationPlatforms) = preSolution
		Debug|Any CPU = Debug|Any CPU
		Release|Any CPU = Release|Any CPU
	EndGlobalSection
	GlobalSection(ProjectConfigurationPlatforms) = postSolution
		{93FEA4B1-0A1E-47D7-B370-DF764A77DC63}.Debug|Any CPU.ActiveCfg = Debug|Any CPU
		{93FEA4B1-0A1E-47D7-B370-DF764A77DC63}.Debug|Any CPU.Build.0 = Debug|Any CPU
		{93FEA4B1-0A1E-47D7-B370-DF764A77DC63}.Release|Any CPU.ActiveCfg = Release|Any CPU
		{93FEA4B1-0A1E-47D7-B370-DF764A77DC63}.Release|Any CPU.Build.0 = Release|Any CPU
		{2AC64760-983A-41FE-BC75-06DFB5CF70DB}.Debug|Any CPU.ActiveCfg = Debug|Any CPU
		{2AC64760-983A-41FE-BC75-06DFB5CF70DB}.Debug|Any CPU.Build.0 = Debug|Any CPU
		{2AC64760-983A-41FE-BC75-06DFB5CF70DB}.Release|Any CPU.ActiveCfg = Release|Any CPU
		{2AC64760-983A-41FE-BC75-06DFB5CF70DB}.Release|Any CPU.Build.0 = Release|Any CPU
		{ADC2BD55-B9BA-45E6-8258-DDE76CE73802}.Debug|Any CPU.ActiveCfg = Debug|Any CPU
		{ADC2BD55-B9BA-45E6-8258-DDE76CE73802}.Debug|Any CPU.Build.0 = Debug|Any CPU
		{ADC2BD55-B9BA-45E6-8258-DDE76CE73802}.Release|Any CPU.ActiveCfg = Release|Any CPU
		{ADC2BD55-B9BA-45E6-8258-DDE76CE73802}.Release|Any CPU.Build.0 = Release|Any CPU
		{EE25D75A-EEFC-4BA8-876C-DE7DD808D58E}.Debug|Any CPU.ActiveCfg = Debug|Any CPU
		{EE25D75A-EEFC-4BA8-876C-DE7DD808D58E}.Debug|Any CPU.Build.0 = Debug|Any CPU
		{EE25D75A-EEFC-4BA8-876C-DE7DD808D58E}.Release|Any CPU.ActiveCfg = Release|Any CPU
		{EE25D75A-EEFC-4BA8-876C-DE7DD808D58E}.Release|Any CPU.Build.0 = Release|Any CPU
		{5BAC53C9-A135-4B88-BBF2-4824585F1151}.Debug|Any CPU.ActiveCfg = Debug|Any CPU
		{5BAC53C9-A135-4B88-BBF2-4824585F1151}.Debug|Any CPU.Build.0 = Debug|Any CPU
		{5BAC53C9-A135-4B88-BBF2-4824585F1151}.Release|Any CPU.ActiveCfg = Release|Any CPU
		{5BAC53C9-A135-4B88-BBF2-4824585F1151}.Release|Any CPU.Build.0 = Release|Any CPU
		{2B20C4EC-A304-4CD1-AE13-113CD0EB8D90}.Debug|Any CPU.ActiveCfg = Debug|Any CPU
		{2B20C4EC-A304-4CD1-AE13-113CD0EB8D90}.Debug|Any CPU.Build.0 = Debug|Any CPU
		{2B20C4EC-A304-4CD1-AE13-113CD0EB8D90}.Release|Any CPU.ActiveCfg = Release|Any CPU
		{2B20C4EC-A304-4CD1-AE13-113CD0EB8D90}.Release|Any CPU.Build.0 = Release|Any CPU
		{E4BE7685-9023-4C52-BBEE-5C27F55C192D}.Debug|Any CPU.ActiveCfg = Debug|Any CPU
		{E4BE7685-9023-4C52-BBEE-5C27F55C192D}.Debug|Any CPU.Build.0 = Debug|Any CPU
		{E4BE7685-9023-4C52-BBEE-5C27F55C192D}.Release|Any CPU.ActiveCfg = Release|Any CPU
		{E4BE7685-9023-4C52-BBEE-5C27F55C192D}.Release|Any CPU.Build.0 = Release|Any CPU
		{FC1164F2-A4E7-4C29-8E82-BE8D03C1F8DD}.Debug|Any CPU.ActiveCfg = Debug|Any CPU
		{FC1164F2-A4E7-4C29-8E82-BE8D03C1F8DD}.Debug|Any CPU.Build.0 = Debug|Any CPU
		{FC1164F2-A4E7-4C29-8E82-BE8D03C1F8DD}.Release|Any CPU.ActiveCfg = Release|Any CPU
		{FC1164F2-A4E7-4C29-8E82-BE8D03C1F8DD}.Release|Any CPU.Build.0 = Release|Any CPU
		{6C16CB29-08CC-4C5D-9230-5A0FAA0A9800}.Debug|Any CPU.ActiveCfg = Debug|Any CPU
		{6C16CB29-08CC-4C5D-9230-5A0FAA0A9800}.Debug|Any CPU.Build.0 = Debug|Any CPU
		{6C16CB29-08CC-4C5D-9230-5A0FAA0A9800}.Release|Any CPU.ActiveCfg = Release|Any CPU
		{6C16CB29-08CC-4C5D-9230-5A0FAA0A9800}.Release|Any CPU.Build.0 = Release|Any CPU
		{97526D40-3047-419A-9101-F680D27E1E4A}.Debug|Any CPU.ActiveCfg = Debug|Any CPU
		{97526D40-3047-419A-9101-F680D27E1E4A}.Debug|Any CPU.Build.0 = Debug|Any CPU
		{97526D40-3047-419A-9101-F680D27E1E4A}.Release|Any CPU.ActiveCfg = Release|Any CPU
		{97526D40-3047-419A-9101-F680D27E1E4A}.Release|Any CPU.Build.0 = Release|Any CPU
		{295BF50C-764B-4BEF-8AE4-50BEF376B125}.Debug|Any CPU.ActiveCfg = Debug|Any CPU
		{295BF50C-764B-4BEF-8AE4-50BEF376B125}.Debug|Any CPU.Build.0 = Debug|Any CPU
		{295BF50C-764B-4BEF-8AE4-50BEF376B125}.Release|Any CPU.ActiveCfg = Release|Any CPU
		{295BF50C-764B-4BEF-8AE4-50BEF376B125}.Release|Any CPU.Build.0 = Release|Any CPU
		{8035491B-1C2D-4407-B7B4-CF7B78B17575}.Debug|Any CPU.ActiveCfg = Debug|Any CPU
		{8035491B-1C2D-4407-B7B4-CF7B78B17575}.Debug|Any CPU.Build.0 = Debug|Any CPU
		{8035491B-1C2D-4407-B7B4-CF7B78B17575}.Release|Any CPU.ActiveCfg = Release|Any CPU
		{8035491B-1C2D-4407-B7B4-CF7B78B17575}.Release|Any CPU.Build.0 = Release|Any CPU
		{34F8E7F9-7F42-4D36-9E46-05F716852A06}.Debug|Any CPU.ActiveCfg = Debug|Any CPU
		{34F8E7F9-7F42-4D36-9E46-05F716852A06}.Debug|Any CPU.Build.0 = Debug|Any CPU
		{34F8E7F9-7F42-4D36-9E46-05F716852A06}.Release|Any CPU.ActiveCfg = Release|Any CPU
		{34F8E7F9-7F42-4D36-9E46-05F716852A06}.Release|Any CPU.Build.0 = Release|Any CPU
	EndGlobalSection
	GlobalSection(SolutionProperties) = preSolution
		HideSolutionNode = FALSE
	EndGlobalSection
	GlobalSection(NestedProjects) = preSolution
		{AFC9BF81-46AD-4C18-BE2D-0E320A248D12} = {0B1DBA41-194D-4569-B8E7-AA94815A5F18}
		{C50F173A-D492-485C-AF17-5C24FFD0A2B1} = {AFC9BF81-46AD-4C18-BE2D-0E320A248D12}
		{93FEA4B1-0A1E-47D7-B370-DF764A77DC63} = {C50F173A-D492-485C-AF17-5C24FFD0A2B1}
		{C6C865CE-78CE-4797-B6C9-12D70EC46CAB} = {0B1DBA41-194D-4569-B8E7-AA94815A5F18}
		{ADC2BD55-B9BA-45E6-8258-DDE76CE73802} = {C6C865CE-78CE-4797-B6C9-12D70EC46CAB}
		{0A516A81-F7EC-447D-AE67-4547AD6E03C9} = {AFC9BF81-46AD-4C18-BE2D-0E320A248D12}
		{EE25D75A-EEFC-4BA8-876C-DE7DD808D58E} = {0A516A81-F7EC-447D-AE67-4547AD6E03C9}
		{511D9C26-43A0-4485-A0A8-608FA15E52A0} = {AFC9BF81-46AD-4C18-BE2D-0E320A248D12}
		{5BAC53C9-A135-4B88-BBF2-4824585F1151} = {511D9C26-43A0-4485-A0A8-608FA15E52A0}
		{5C2A0485-5C79-45E0-8752-A169A5F0FB76} = {AFC9BF81-46AD-4C18-BE2D-0E320A248D12}
		{2B20C4EC-A304-4CD1-AE13-113CD0EB8D90} = {5C2A0485-5C79-45E0-8752-A169A5F0FB76}
		{E3CC4A92-67E1-463C-B392-2B2B34617F07} = {AFC9BF81-46AD-4C18-BE2D-0E320A248D12}
		{35196AE4-D3AD-40A4-8092-52F52786DABC} = {E3CC4A92-67E1-463C-B392-2B2B34617F07}
		{32DDA651-DF04-4EDB-BD19-AF77CCDCFE29} = {E3CC4A92-67E1-463C-B392-2B2B34617F07}
		{B47D26DF-CB95-4CD4-8227-92CD91869D03} = {E3CC4A92-67E1-463C-B392-2B2B34617F07}
		{E4BE7685-9023-4C52-BBEE-5C27F55C192D} = {35196AE4-D3AD-40A4-8092-52F52786DABC}
		{FC1164F2-A4E7-4C29-8E82-BE8D03C1F8DD} = {32DDA651-DF04-4EDB-BD19-AF77CCDCFE29}
		{6C16CB29-08CC-4C5D-9230-5A0FAA0A9800} = {32DDA651-DF04-4EDB-BD19-AF77CCDCFE29}
		{97526D40-3047-419A-9101-F680D27E1E4A} = {B47D26DF-CB95-4CD4-8227-92CD91869D03}
		{FC034E6D-CBE0-4E5A-9E53-D8A31087D4D9} = {AFC9BF81-46AD-4C18-BE2D-0E320A248D12}
		{295BF50C-764B-4BEF-8AE4-50BEF376B125} = {FC034E6D-CBE0-4E5A-9E53-D8A31087D4D9}
		{CBFD4FB1-C4D6-414A-8FFE-15E792585235} = {AFC9BF81-46AD-4C18-BE2D-0E320A248D12}
		{8035491B-1C2D-4407-B7B4-CF7B78B17575} = {CBFD4FB1-C4D6-414A-8FFE-15E792585235}
		{34F8E7F9-7F42-4D36-9E46-05F716852A06} = {C6C865CE-78CE-4797-B6C9-12D70EC46CAB}
	EndGlobalSection
	GlobalSection(ExtensibilityGlobals) = postSolution
		SolutionGuid = {6F052CC1-E082-4E5E-A225-3875DD6369D9}
	EndGlobalSection
EndGlobal
