
Microsoft Visual Studio Solution File, Format Version 12.00
# Visual Studio Version 17
VisualStudioVersion = 17.11.35327.3
MinimumVisualStudioVersion = 10.0.40219.1
Project("{2150E333-8FDC-42A3-9474-1A3956D46DE8}") = "src", "src", "{0B1DBA41-194D-4569-B8E7-AA94815A5F18}"
EndProject
Project("{2150E333-8FDC-42A3-9474-1A3956D46DE8}") = "services", "services", "{AFC9BF81-46AD-4C18-BE2D-0E320A248D12}"
EndProject
Project("{2150E333-8FDC-42A3-9474-1A3956D46DE8}") = "catalog", "catalog", "{C50F173A-D492-485C-AF17-5C24FFD0A2B1}"
EndProject
Project("{9A19103F-16F7-4668-BE54-9A1E7A4F7556}") = "Learnify.Catalog.API", "src\services\catalog\Learnify.Catalog.API\Learnify.Catalog.API.csproj", "{93FEA4B1-0A1E-47D7-B370-DF764A77DC63}"
EndProject
Project("{E53339B2-1760-4266-BCC7-CA923CBCF16C}") = "docker-compose", "docker-compose.dcproj", "{2AC64760-983A-41FE-BC75-06DFB5CF70DB}"
EndProject
Project("{2150E333-8FDC-42A3-9474-1A3956D46DE8}") = "shared", "shared", "{C6C865CE-78CE-4797-B6C9-12D70EC46CAB}"
EndProject
Project("{9A19103F-16F7-4668-BE54-9A1E7A4F7556}") = "Learnify.Shared", "src\shared\Learnify.Shared\Learnify.Shared.csproj", "{ADC2BD55-B9BA-45E6-8258-DDE76CE73802}"
EndProject
Project("{2150E333-8FDC-42A3-9474-1A3956D46DE8}") = "basket", "basket", "{0A516A81-F7EC-447D-AE67-4547AD6E03C9}"
EndProject
Project("{FAE04EC0-301F-11D3-BF4B-00C04F79EFBC}") = "Learnify.Basket.API", "src\services\basket\Learnify.Basket.API\Learnify.Basket.API.csproj", "{EE25D75A-EEFC-4BA8-876C-DE7DD808D58E}"
EndProject
Project("{2150E333-8FDC-42A3-9474-1A3956D46DE8}") = "discount", "discount", "{511D9C26-43A0-4485-A0A8-608FA15E52A0}"
EndProject
Project("{FAE04EC0-301F-11D3-BF4B-00C04F79EFBC}") = "Learnify.Discount.API", "src\services\discount\Learnify.Discount.API\Learnify.Discount.API.csproj", "{5BAC53C9-A135-4B88-BBF2-4824585F1151}"
EndProject
Project("{2150E333-8FDC-42A3-9474-1A3956D46DE8}") = "file", "file", "{5C2A0485-5C79-45E0-8752-A169A5F0FB76}"
EndProject
Project("{FAE04EC0-301F-11D3-BF4B-00C04F79EFBC}") = "Learnify.File.API", "..\Learnify.File.API\Learnify.File.API.csproj", "{1803C480-FC41-4AFF-B79F-55F84B760182}"
EndProject
Global
	GlobalSection(SolutionConfigurationPlatforms) = preSolution
		Debug|Any CPU = Debug|Any CPU
		Release|Any CPU = Release|Any CPU
	EndGlobalSection
	GlobalSection(ProjectConfigurationPlatforms) = postSolution
		{93FEA4B1-0A1E-47D7-B370-DF764A77DC63}.Debug|Any CPU.ActiveCfg = Debug|Any CPU
		{93FEA4B1-0A1E-47D7-B370-DF764A77DC63}.Debug|Any CPU.Build.0 = Debug|Any CPU
		{93FEA4B1-0A1E-47D7-B370-DF764A77DC63}.Release|Any CPU.ActiveCfg = Release|Any CPU
		{93FEA4B1-0A1E-47D7-B370-DF764A77DC63}.Release|Any CPU.Build.0 = Release|Any CPU
		{2AC64760-983A-41FE-BC75-06DFB5CF70DB}.Debug|Any CPU.ActiveCfg = Debug|Any CPU
		{2AC64760-983A-41FE-BC75-06DFB5CF70DB}.Debug|Any CPU.Build.0 = Debug|Any CPU
		{2AC64760-983A-41FE-BC75-06DFB5CF70DB}.Release|Any CPU.ActiveCfg = Release|Any CPU
		{2AC64760-983A-41FE-BC75-06DFB5CF70DB}.Release|Any CPU.Build.0 = Release|Any CPU
		{ADC2BD55-B9BA-45E6-8258-DDE76CE73802}.Debug|Any CPU.ActiveCfg = Debug|Any CPU
		{ADC2BD55-B9BA-45E6-8258-DDE76CE73802}.Debug|Any CPU.Build.0 = Debug|Any CPU
		{ADC2BD55-B9BA-45E6-8258-DDE76CE73802}.Release|Any CPU.ActiveCfg = Release|Any CPU
		{ADC2BD55-B9BA-45E6-8258-DDE76CE73802}.Release|Any CPU.Build.0 = Release|Any CPU
		{EE25D75A-EEFC-4BA8-876C-DE7DD808D58E}.Debug|Any CPU.ActiveCfg = Debug|Any CPU
		{EE25D75A-EEFC-4BA8-876C-DE7DD808D58E}.Debug|Any CPU.Build.0 = Debug|Any CPU
		{EE25D75A-EEFC-4BA8-876C-DE7DD808D58E}.Release|Any CPU.ActiveCfg = Release|Any CPU
		{EE25D75A-EEFC-4BA8-876C-DE7DD808D58E}.Release|Any CPU.Build.0 = Release|Any CPU
		{5BAC53C9-A135-4B88-BBF2-4824585F1151}.Debug|Any CPU.ActiveCfg = Debug|Any CPU
		{5BAC53C9-A135-4B88-BBF2-4824585F1151}.Debug|Any CPU.Build.0 = Debug|Any CPU
		{5BAC53C9-A135-4B88-BBF2-4824585F1151}.Release|Any CPU.ActiveCfg = Release|Any CPU
		{5BAC53C9-A135-4B88-BBF2-4824585F1151}.Release|Any CPU.Build.0 = Release|Any CPU
		{1803C480-FC41-4AFF-B79F-55F84B760182}.Debug|Any CPU.ActiveCfg = Debug|Any CPU
		{1803C480-FC41-4AFF-B79F-55F84B760182}.Debug|Any CPU.Build.0 = Debug|Any CPU
		{1803C480-FC41-4AFF-B79F-55F84B760182}.Release|Any CPU.ActiveCfg = Release|Any CPU
		{1803C480-FC41-4AFF-B79F-55F84B760182}.Release|Any CPU.Build.0 = Release|Any CPU
	EndGlobalSection
	GlobalSection(SolutionProperties) = preSolution
		HideSolutionNode = FALSE
	EndGlobalSection
	GlobalSection(NestedProjects) = preSolution
		{AFC9BF81-46AD-4C18-BE2D-0E320A248D12} = {0B1DBA41-194D-4569-B8E7-AA94815A5F18}
		{C50F173A-D492-485C-AF17-5C24FFD0A2B1} = {AFC9BF81-46AD-4C18-BE2D-0E320A248D12}
		{93FEA4B1-0A1E-47D7-B370-DF764A77DC63} = {C50F173A-D492-485C-AF17-5C24FFD0A2B1}
		{C6C865CE-78CE-4797-B6C9-12D70EC46CAB} = {0B1DBA41-194D-4569-B8E7-AA94815A5F18}
		{ADC2BD55-B9BA-45E6-8258-DDE76CE73802} = {C6C865CE-78CE-4797-B6C9-12D70EC46CAB}
		{0A516A81-F7EC-447D-AE67-4547AD6E03C9} = {AFC9BF81-46AD-4C18-BE2D-0E320A248D12}
		{EE25D75A-EEFC-4BA8-876C-DE7DD808D58E} = {0A516A81-F7EC-447D-AE67-4547AD6E03C9}
		{511D9C26-43A0-4485-A0A8-608FA15E52A0} = {AFC9BF81-46AD-4C18-BE2D-0E320A248D12}
		{5BAC53C9-A135-4B88-BBF2-4824585F1151} = {511D9C26-43A0-4485-A0A8-608FA15E52A0}
		{5C2A0485-5C79-45E0-8752-A169A5F0FB76} = {AFC9BF81-46AD-4C18-BE2D-0E320A248D12}
		{1803C480-FC41-4AFF-B79F-55F84B760182} = {5C2A0485-5C79-45E0-8752-A169A5F0FB76}
	EndGlobalSection
	GlobalSection(ExtensibilityGlobals) = postSolution
		SolutionGuid = {6F052CC1-E082-4E5E-A225-3875DD6369D9}
	EndGlobalSection
EndGlobal
